
Microsoft Visual Studio Solution File, Format Version 12.00
# Visual Studio Version 17
VisualStudioVersion = 17.9.34714.143
MinimumVisualStudioVersion = 10.0.40219.1
Project("{2150E333-8FDC-42A3-9474-1A3956D46DE8}") = "Solution Items", "Solution Items", "{4F9FFD28-16E1-44E7-9729-E99E8002E703}"
	ProjectSection(SolutionItems) = preProject
		readme.md = readme.md
	EndProjectSection
EndProject
Project("{2150E333-8FDC-42A3-9474-1A3956D46DE8}") = "src", "src", "{9A1286F3-F88C-4104-A66B-7D1459509FE6}"
EndProject
Project("{9A19103F-16F7-4668-BE54-9A1E7A4F7556}") = "AutoUnlaunch", "src\AutoUnlaunch\AutoUnlaunch.csproj", "{F8A4FB3D-0AF5-4591-88FC-E977EAA6F50A}"
EndProject
Project("{9A19103F-16F7-4668-BE54-9A1E7A4F7556}") = "AutoUnlaunch.Background", "src\AutoUnlaunch.Background\AutoUnlaunch.Background.csproj", "{D993B269-2C12-4251-B534-86837B9C38D9}"
EndProject
Project("{9A19103F-16F7-4668-BE54-9A1E7A4F7556}") = "AutoUnlaunch.Core", "src\AutoUnlaunch.Core\AutoUnlaunch.Core.csproj", "{A6333A8E-F38F-44E8-B10A-E0D5F24AA95C}"
EndProject
Project("{9A19103F-16F7-4668-BE54-9A1E7A4F7556}") = "AutoUnlaunch.Infrastructure", "src\AutoUnlaunch.Infrastructure\AutoUnlaunch.Infrastructure.csproj", "{BC20B4A4-C6D1-4672-B8AF-986FF4B78269}"
EndProject
Project("{2150E333-8FDC-42A3-9474-1A3956D46DE8}") = "test", "test", "{06752B94-C665-4634-89E6-E4009349F295}"
EndProject
Project("{9A19103F-16F7-4668-BE54-9A1E7A4F7556}") = "AutoUnlaunch.Core.Tests", "test\AutoUnlaunch.Core.Tests\AutoUnlaunch.Core.Tests.csproj", "{5428A9AB-8C99-42CF-9F55-BA222AD7926D}"
EndProject
Project("{9A19103F-16F7-4668-BE54-9A1E7A4F7556}") = "AutoUnlaunch.Tests", "test\AutoUnlaunch.Tests\AutoUnlaunch.Tests.csproj", "{CDF6053E-7DE2-45A7-8E4B-81F52064228E}"
EndProject
Global
	GlobalSection(SolutionConfigurationPlatforms) = preSolution
		Debug|ARM64 = Debug|ARM64
		Debug|x64 = Debug|x64
		Debug|x86 = Debug|x86
		Release|ARM64 = Release|ARM64
		Release|x64 = Release|x64
		Release|x86 = Release|x86
	EndGlobalSection
	GlobalSection(ProjectConfigurationPlatforms) = postSolution
		{F8A4FB3D-0AF5-4591-88FC-E977EAA6F50A}.Debug|ARM64.ActiveCfg = Debug|ARM64
		{F8A4FB3D-0AF5-4591-88FC-E977EAA6F50A}.Debug|ARM64.Build.0 = Debug|ARM64
		{F8A4FB3D-0AF5-4591-88FC-E977EAA6F50A}.Debug|ARM64.Deploy.0 = Debug|ARM64
		{F8A4FB3D-0AF5-4591-88FC-E977EAA6F50A}.Debug|x64.ActiveCfg = Debug|x64
		{F8A4FB3D-0AF5-4591-88FC-E977EAA6F50A}.Debug|x64.Build.0 = Debug|x64
		{F8A4FB3D-0AF5-4591-88FC-E977EAA6F50A}.Debug|x64.Deploy.0 = Debug|x64
		{F8A4FB3D-0AF5-4591-88FC-E977EAA6F50A}.Debug|x86.ActiveCfg = Debug|x86
		{F8A4FB3D-0AF5-4591-88FC-E977EAA6F50A}.Debug|x86.Build.0 = Debug|x86
		{F8A4FB3D-0AF5-4591-88FC-E977EAA6F50A}.Debug|x86.Deploy.0 = Debug|x86
		{F8A4FB3D-0AF5-4591-88FC-E977EAA6F50A}.Release|ARM64.ActiveCfg = Release|ARM64
		{F8A4FB3D-0AF5-4591-88FC-E977EAA6F50A}.Release|ARM64.Build.0 = Release|ARM64
		{F8A4FB3D-0AF5-4591-88FC-E977EAA6F50A}.Release|ARM64.Deploy.0 = Release|ARM64
		{F8A4FB3D-0AF5-4591-88FC-E977EAA6F50A}.Release|x64.ActiveCfg = Release|x64
		{F8A4FB3D-0AF5-4591-88FC-E977EAA6F50A}.Release|x64.Build.0 = Release|x64
		{F8A4FB3D-0AF5-4591-88FC-E977EAA6F50A}.Release|x64.Deploy.0 = Release|x64
		{F8A4FB3D-0AF5-4591-88FC-E977EAA6F50A}.Release|x86.ActiveCfg = Release|x86
		{F8A4FB3D-0AF5-4591-88FC-E977EAA6F50A}.Release|x86.Build.0 = Release|x86
		{F8A4FB3D-0AF5-4591-88FC-E977EAA6F50A}.Release|x86.Deploy.0 = Release|x86
		{D993B269-2C12-4251-B534-86837B9C38D9}.Debug|ARM64.ActiveCfg = Debug|ARM64
		{D993B269-2C12-4251-B534-86837B9C38D9}.Debug|ARM64.Build.0 = Debug|ARM64
		{D993B269-2C12-4251-B534-86837B9C38D9}.Debug|x64.ActiveCfg = Debug|x64
		{D993B269-2C12-4251-B534-86837B9C38D9}.Debug|x64.Build.0 = Debug|x64
		{D993B269-2C12-4251-B534-86837B9C38D9}.Debug|x86.ActiveCfg = Debug|x86
		{D993B269-2C12-4251-B534-86837B9C38D9}.Debug|x86.Build.0 = Debug|x86
		{D993B269-2C12-4251-B534-86837B9C38D9}.Release|ARM64.ActiveCfg = Release|ARM64
		{D993B269-2C12-4251-B534-86837B9C38D9}.Release|ARM64.Build.0 = Release|ARM64
		{D993B269-2C12-4251-B534-86837B9C38D9}.Release|x64.ActiveCfg = Release|x64
		{D993B269-2C12-4251-B534-86837B9C38D9}.Release|x64.Build.0 = Release|x64
		{D993B269-2C12-4251-B534-86837B9C38D9}.Release|x86.ActiveCfg = Release|x86
		{D993B269-2C12-4251-B534-86837B9C38D9}.Release|x86.Build.0 = Release|x86
		{A6333A8E-F38F-44E8-B10A-E0D5F24AA95C}.Debug|ARM64.ActiveCfg = Debug|ARM64
		{A6333A8E-F38F-44E8-B10A-E0D5F24AA95C}.Debug|ARM64.Build.0 = Debug|ARM64
		{A6333A8E-F38F-44E8-B10A-E0D5F24AA95C}.Debug|x64.ActiveCfg = Debug|x64
		{A6333A8E-F38F-44E8-B10A-E0D5F24AA95C}.Debug|x64.Build.0 = Debug|x64
		{A6333A8E-F38F-44E8-B10A-E0D5F24AA95C}.Debug|x86.ActiveCfg = Debug|x86
		{A6333A8E-F38F-44E8-B10A-E0D5F24AA95C}.Debug|x86.Build.0 = Debug|x86
		{A6333A8E-F38F-44E8-B10A-E0D5F24AA95C}.Release|ARM64.ActiveCfg = Release|ARM64
		{A6333A8E-F38F-44E8-B10A-E0D5F24AA95C}.Release|ARM64.Build.0 = Release|ARM64
		{A6333A8E-F38F-44E8-B10A-E0D5F24AA95C}.Release|x64.ActiveCfg = Release|x64
		{A6333A8E-F38F-44E8-B10A-E0D5F24AA95C}.Release|x64.Build.0 = Release|x64
		{A6333A8E-F38F-44E8-B10A-E0D5F24AA95C}.Release|x86.ActiveCfg = Release|x86
		{A6333A8E-F38F-44E8-B10A-E0D5F24AA95C}.Release|x86.Build.0 = Release|x86
		{BC20B4A4-C6D1-4672-B8AF-986FF4B78269}.Debug|ARM64.ActiveCfg = Debug|ARM64
		{BC20B4A4-C6D1-4672-B8AF-986FF4B78269}.Debug|ARM64.Build.0 = Debug|ARM64
		{BC20B4A4-C6D1-4672-B8AF-986FF4B78269}.Debug|x64.ActiveCfg = Debug|x64
		{BC20B4A4-C6D1-4672-B8AF-986FF4B78269}.Debug|x64.Build.0 = Debug|x64
		{BC20B4A4-C6D1-4672-B8AF-986FF4B78269}.Debug|x86.ActiveCfg = Debug|x86
		{BC20B4A4-C6D1-4672-B8AF-986FF4B78269}.Debug|x86.Build.0 = Debug|x86
		{BC20B4A4-C6D1-4672-B8AF-986FF4B78269}.Release|ARM64.ActiveCfg = Release|ARM64
		{BC20B4A4-C6D1-4672-B8AF-986FF4B78269}.Release|ARM64.Build.0 = Release|ARM64
		{BC20B4A4-C6D1-4672-B8AF-986FF4B78269}.Release|x64.ActiveCfg = Release|x64
		{BC20B4A4-C6D1-4672-B8AF-986FF4B78269}.Release|x64.Build.0 = Release|x64
		{BC20B4A4-C6D1-4672-B8AF-986FF4B78269}.Release|x86.ActiveCfg = Release|x86
		{BC20B4A4-C6D1-4672-B8AF-986FF4B78269}.Release|x86.Build.0 = Release|x86
		{5428A9AB-8C99-42CF-9F55-BA222AD7926D}.Debug|ARM64.ActiveCfg = Debug|ARM64
		{5428A9AB-8C99-42CF-9F55-BA222AD7926D}.Debug|ARM64.Build.0 = Debug|ARM64
		{5428A9AB-8C99-42CF-9F55-BA222AD7926D}.Debug|x64.ActiveCfg = Debug|x64
		{5428A9AB-8C99-42CF-9F55-BA222AD7926D}.Debug|x64.Build.0 = Debug|x64
		{5428A9AB-8C99-42CF-9F55-BA222AD7926D}.Debug|x86.ActiveCfg = Debug|x86
		{5428A9AB-8C99-42CF-9F55-BA222AD7926D}.Debug|x86.Build.0 = Debug|x86
		{5428A9AB-8C99-42CF-9F55-BA222AD7926D}.Release|ARM64.ActiveCfg = Release|ARM64
		{5428A9AB-8C99-42CF-9F55-BA222AD7926D}.Release|ARM64.Build.0 = Release|ARM64
		{5428A9AB-8C99-42CF-9F55-BA222AD7926D}.Release|x64.ActiveCfg = Release|x64
		{5428A9AB-8C99-42CF-9F55-BA222AD7926D}.Release|x64.Build.0 = Release|x64
		{5428A9AB-8C99-42CF-9F55-BA222AD7926D}.Release|x86.ActiveCfg = Release|x86
		{5428A9AB-8C99-42CF-9F55-BA222AD7926D}.Release|x86.Build.0 = Release|x86
		{CDF6053E-7DE2-45A7-8E4B-81F52064228E}.Debug|ARM64.ActiveCfg = Debug|ARM64
		{CDF6053E-7DE2-45A7-8E4B-81F52064228E}.Debug|ARM64.Build.0 = Debug|ARM64
		{CDF6053E-7DE2-45A7-8E4B-81F52064228E}.Debug|x64.ActiveCfg = Debug|x64
		{CDF6053E-7DE2-45A7-8E4B-81F52064228E}.Debug|x64.Build.0 = Debug|x64
		{CDF6053E-7DE2-45A7-8E4B-81F52064228E}.Debug|x86.ActiveCfg = Debug|x86
		{CDF6053E-7DE2-45A7-8E4B-81F52064228E}.Debug|x86.Build.0 = Debug|x86
		{CDF6053E-7DE2-45A7-8E4B-81F52064228E}.Release|ARM64.ActiveCfg = Release|ARM64
		{CDF6053E-7DE2-45A7-8E4B-81F52064228E}.Release|ARM64.Build.0 = Release|ARM64
		{CDF6053E-7DE2-45A7-8E4B-81F52064228E}.Release|x64.ActiveCfg = Release|x64
		{CDF6053E-7DE2-45A7-8E4B-81F52064228E}.Release|x64.Build.0 = Release|x64
		{CDF6053E-7DE2-45A7-8E4B-81F52064228E}.Release|x86.ActiveCfg = Release|x86
		{CDF6053E-7DE2-45A7-8E4B-81F52064228E}.Release|x86.Build.0 = Release|x86
	EndGlobalSection
	GlobalSection(SolutionProperties) = preSolution
		HideSolutionNode = FALSE
	EndGlobalSection
	GlobalSection(NestedProjects) = preSolution
		{F8A4FB3D-0AF5-4591-88FC-E977EAA6F50A} = {9A1286F3-F88C-4104-A66B-7D1459509FE6}
		{D993B269-2C12-4251-B534-86837B9C38D9} = {9A1286F3-F88C-4104-A66B-7D1459509FE6}
		{A6333A8E-F38F-44E8-B10A-E0D5F24AA95C} = {9A1286F3-F88C-4104-A66B-7D1459509FE6}
		{BC20B4A4-C6D1-4672-B8AF-986FF4B78269} = {9A1286F3-F88C-4104-A66B-7D1459509FE6}
		{5428A9AB-8C99-42CF-9F55-BA222AD7926D} = {06752B94-C665-4634-89E6-E4009349F295}
		{CDF6053E-7DE2-45A7-8E4B-81F52064228E} = {06752B94-C665-4634-89E6-E4009349F295}
	EndGlobalSection
	GlobalSection(ExtensibilityGlobals) = postSolution
		SolutionGuid = {29C1BE06-8E57-4373-82FC-CC57D658B172}
	EndGlobalSection
EndGlobal
